
Microsoft Visual Studio Solution File, Format Version 12.00
# Visual Studio 15
VisualStudioVersion = 15.0.28307.572
MinimumVisualStudioVersion = 10.0.40219.1
Project("{FAE04EC0-301F-11D3-BF4B-00C04F79EFBC}") = "Ex01 Facebook.UI", "Ex01 Facebook.UI\Ex01 Facebook.UI.csproj", "{3974F23F-3C8E-487D-BE2B-DE106D962394}"
EndProject
Project("{FAE04EC0-301F-11D3-BF4B-00C04F79EFBC}") = "Ex01 Facebook.Logic", "Ex01 Facebook.Logic\Ex01 Facebook.Logic.csproj", "{29F0FB7E-F126-4C4C-A469-251D2CCA5CAB}"
EndProject
Project("{2150E333-8FDC-42A3-9474-1A3956D46DE8}") = "Solution Items", "Solution Items", "{3DB0DF4C-0978-486D-BD9B-5AAA122D30E4}"
	ProjectSection(SolutionItems) = preProject
		C19 Ex03 Oran 205493489 Tomer 312220007.docx = C19 Ex03 Oran 205493489 Tomer 312220007.docx
		C19 Ex03 Oran 205493489 Tomer 312220007.txt = C19 Ex03 Oran 205493489 Tomer 312220007.txt
	EndProjectSection
EndProject
Global
	GlobalSection(SolutionConfigurationPlatforms) = preSolution
		Debug|Any CPU = Debug|Any CPU
		Release|Any CPU = Release|Any CPU
	EndGlobalSection
	GlobalSection(ProjectConfigurationPlatforms) = postSolution
		{3974F23F-3C8E-487D-BE2B-DE106D962394}.Debug|Any CPU.ActiveCfg = Debug|Any CPU
		{3974F23F-3C8E-487D-BE2B-DE106D962394}.Debug|Any CPU.Build.0 = Debug|Any CPU
		{3974F23F-3C8E-487D-BE2B-DE106D962394}.Release|Any CPU.ActiveCfg = Release|Any CPU
		{3974F23F-3C8E-487D-BE2B-DE106D962394}.Release|Any CPU.Build.0 = Release|Any CPU
		{29F0FB7E-F126-4C4C-A469-251D2CCA5CAB}.Debug|Any CPU.ActiveCfg = Debug|Any CPU
		{29F0FB7E-F126-4C4C-A469-251D2CCA5CAB}.Debug|Any CPU.Build.0 = Debug|Any CPU
		{29F0FB7E-F126-4C4C-A469-251D2CCA5CAB}.Release|Any CPU.ActiveCfg = Release|Any CPU
		{29F0FB7E-F126-4C4C-A469-251D2CCA5CAB}.Release|Any CPU.Build.0 = Release|Any CPU
	EndGlobalSection
	GlobalSection(SolutionProperties) = preSolution
		HideSolutionNode = FALSE
	EndGlobalSection
	GlobalSection(ExtensibilityGlobals) = postSolution
		SolutionGuid = {32C86D5D-F1D3-49F6-A30D-C377C1FAB3AA}
	EndGlobalSection
EndGlobal
